
Microsoft Visual Studio Solution File, Format Version 12.00
# Visual Studio Version 16
VisualStudioVersion = 16.0.31613.86
MinimumVisualStudioVersion = 10.0.40219.1
Project("{FAE04EC0-301F-11D3-BF4B-00C04F79EFBC}") = "TrackSheet_Loader", "TrackSheet_Loader\TrackSheet_Loader.csproj", "{7E9E58D2-A556-4B8E-BF80-AAA8BDC513BA}"
EndProject
Global
	GlobalSection(SolutionConfigurationPlatforms) = preSolution
		Debug|Any CPU = Debug|Any CPU
		Release|Any CPU = Release|Any CPU
	EndGlobalSection
	GlobalSection(ProjectConfigurationPlatforms) = postSolution
		{7E9E58D2-A556-4B8E-BF80-AAA8BDC513BA}.Debug|Any CPU.ActiveCfg = Debug|Any CPU
		{7E9E58D2-A556-4B8E-BF80-AAA8BDC513BA}.Debug|Any CPU.Build.0 = Debug|Any CPU
		{7E9E58D2-A556-4B8E-BF80-AAA8BDC513BA}.Release|Any CPU.ActiveCfg = Release|Any CPU
		{7E9E58D2-A556-4B8E-BF80-AAA8BDC513BA}.Release|Any CPU.Build.0 = Release|Any CPU
	EndGlobalSection
	GlobalSection(SolutionProperties) = preSolution
		HideSolutionNode = FALSE
	EndGlobalSection
	GlobalSection(ExtensibilityGlobals) = postSolution
		SolutionGuid = {F5EDC95B-CCC4-4F33-AAFE-854250EE8007}
	EndGlobalSection
EndGlobal
